
Microsoft Visual Studio Solution File, Format Version 12.00
# Visual Studio Version 17
VisualStudioVersion = 17.7.34024.191
MinimumVisualStudioVersion = 10.0.40219.1
Project("{FAE04EC0-301F-11D3-BF4B-00C04F79EFBC}") = "Patel.Dharmi.Business.Testing", "Patel.Dharmi.Business.Testing\Patel.Dharmi.Business.Testing.csproj", "{3F1014C3-64C6-4B40-AC44-FC9BCDF4FBEF}"
EndProject
Global
	GlobalSection(SolutionConfigurationPlatforms) = preSolution
		Debug|Any CPU = Debug|Any CPU
		Release|Any CPU = Release|Any CPU
	EndGlobalSection
	GlobalSection(ProjectConfigurationPlatforms) = postSolution
		{3F1014C3-64C6-4B40-AC44-FC9BCDF4FBEF}.Debug|Any CPU.ActiveCfg = Debug|Any CPU
		{3F1014C3-64C6-4B40-AC44-FC9BCDF4FBEF}.Debug|Any CPU.Build.0 = Debug|Any CPU
		{3F1014C3-64C6-4B40-AC44-FC9BCDF4FBEF}.Release|Any CPU.ActiveCfg = Release|Any CPU
		{3F1014C3-64C6-4B40-AC44-FC9BCDF4FBEF}.Release|Any CPU.Build.0 = Release|Any CPU
	EndGlobalSection
	GlobalSection(SolutionProperties) = preSolution
		HideSolutionNode = FALSE
	EndGlobalSection
	GlobalSection(ExtensibilityGlobals) = postSolution
		SolutionGuid = {6B036D73-E29B-45C2-981A-9A23D3608B2F}
	EndGlobalSection
EndGlobal
